version = 1
requires-python = ">=3.12"

[[package]]
name = "scripts"
version = "0.1.0"
source = { virtual = "." }
dependencies = [
    { name = "tojyutping" },
]

[package.metadata]
requires-dist = [{ name = "tojyutping", specifier = ">=3.2.0" }]

[[package]]
name = "tojyutping"
version = "3.2.0"
source = { registry = "https://pypi.org/simple" }
sdist = { url = "https://files.pythonhosted.org/packages/fe/fe/d10b672782478e87b687779d7303c35d763132cf1b04ad4209c95eb7de4a/tojyutping-3.2.0.tar.gz", hash = "sha256:3a78560ff83716294bb87e88117e8f81ea3b4ef6fc6e9a54411d0e1dd356b6f0", size = 302121 }
wheels = [
    { url = "https://files.pythonhosted.org/packages/21/73/232b2ddc09db98b1ae37df6aebffa9c4808196e588d73f40cd6d26596cb7/ToJyutping-3.2.0-py3-none-any.whl", hash = "sha256:af7fe10095a3ce91b5cf2bcd7e7c62002407f432c3083562f725ddc140c6fd7e", size = 287884 },
]
